
Microsoft Visual Studio Solution File, Format Version 12.00
# Visual Studio 2012
Project("{FAE04EC0-301F-11D3-BF4B-00C04F79EFBC}") = "Base64Image", "Base64Image\Base64Image.csproj", "{095E9BF5-A9D6-4DCC-802A-E9F94D92B9A2}"
EndProject
Global
	GlobalSection(SolutionConfigurationPlatforms) = preSolution
		Debug|Any CPU = Debug|Any CPU
		Release|Any CPU = Release|Any CPU
	EndGlobalSection
	GlobalSection(ProjectConfigurationPlatforms) = postSolution
		{095E9BF5-A9D6-4DCC-802A-E9F94D92B9A2}.Debug|Any CPU.ActiveCfg = Debug|Any CPU
		{095E9BF5-A9D6-4DCC-802A-E9F94D92B9A2}.Debug|Any CPU.Build.0 = Debug|Any CPU
		{095E9BF5-A9D6-4DCC-802A-E9F94D92B9A2}.Release|Any CPU.ActiveCfg = Release|Any CPU
		{095E9BF5-A9D6-4DCC-802A-E9F94D92B9A2}.Release|Any CPU.Build.0 = Release|Any CPU
	EndGlobalSection
	GlobalSection(SolutionProperties) = preSolution
		HideSolutionNode = FALSE
	EndGlobalSection
EndGlobal
